// !$*UTF8*$!
{
	archiveVersion = 1;
	classes = {
	};
	objectVersion = 70;
	objects = {

/* Begin PBXBuildFile section */
		3D408E902D8F5CD6003299D3 /* Launch Screen.storyboard in Resources */ = {isa = PBXBuildFile; fileRef = 3D408E8F2D8F5CD6003299D3 /* Launch Screen.storyboard */; };
		3D8C8D1E2D84EFD9007E7FEC /* ToDoListApp.swift in Sources */ = {isa = PBXBuildFile; fileRef = 3D8C8D1D2D84EFD9007E7FEC /* ToDoListApp.swift */; };
		3D8C8D222D84EFD9007E7FEC /* Assets.xcassets in Resources */ = {isa = PBXBuildFile; fileRef = 3D8C8D212D84EFD9007E7FEC /* Assets.xcassets */; };
		3D8C8D252D84EFD9007E7FEC /* Preview Assets.xcassets in Resources */ = {isa = PBXBuildFile; fileRef = 3D8C8D242D84EFD9007E7FEC /* Preview Assets.xcassets */; };
		3D8C8D3E2D84F3B5007E7FEC /* FirebaseAuth in Frameworks */ = {isa = PBXBuildFile; productRef = 3D8C8D3D2D84F3B5007E7FEC /* FirebaseAuth */; };
		3D8C8D402D84F3B5007E7FEC /* FirebaseFirestore in Frameworks */ = {isa = PBXBuildFile; productRef = 3D8C8D3F2D84F3B5007E7FEC /* FirebaseFirestore */; };
		3D8C8D422D84F3B5007E7FEC /* FirebaseFirestoreSwift in Frameworks */ = {isa = PBXBuildFile; productRef = 3D8C8D412D84F3B5007E7FEC /* FirebaseFirestoreSwift */; };
		3D8C8D442D84F4AB007E7FEC /* GoogleService-Info.plist in Resources */ = {isa = PBXBuildFile; fileRef = 3D8C8D432D84F4AA007E7FEC /* GoogleService-Info.plist */; };
		3D9D265D2D8CBFED00DC100D /* User.swift in Sources */ = {isa = PBXBuildFile; fileRef = 3D9D265C2D8CBFED00DC100D /* User.swift */; };
		3D9D265F2D8CBFF300DC100D /* ToDoListItem.swift in Sources */ = {isa = PBXBuildFile; fileRef = 3D9D265E2D8CBFF300DC100D /* ToDoListItem.swift */; };
		3D9D26612D8CC02100DC100D /* MainViewViewModel.swift in Sources */ = {isa = PBXBuildFile; fileRef = 3D9D26602D8CC02100DC100D /* MainViewViewModel.swift */; };
		3D9D26632D8CC02800DC100D /* ProfileViewViewModel.swift in Sources */ = {isa = PBXBuildFile; fileRef = 3D9D26622D8CC02800DC100D /* ProfileViewViewModel.swift */; };
		3D9D26652D8CC03200DC100D /* ToDoListViewViewModel.swift in Sources */ = {isa = PBXBuildFile; fileRef = 3D9D26642D8CC03200DC100D /* ToDoListViewViewModel.swift */; };
		3D9D26672D8CC03900DC100D /* NewItemViewViewModel.swift in Sources */ = {isa = PBXBuildFile; fileRef = 3D9D26662D8CC03900DC100D /* NewItemViewViewModel.swift */; };
		3D9D26692D8CC04500DC100D /* LoginViewViewModel.swift in Sources */ = {isa = PBXBuildFile; fileRef = 3D9D26682D8CC04500DC100D /* LoginViewViewModel.swift */; };
		3D9D266B2D8CC04E00DC100D /* RegisterViewViewModel.swift in Sources */ = {isa = PBXBuildFile; fileRef = 3D9D266A2D8CC04E00DC100D /* RegisterViewViewModel.swift */; };
		3D9D266D2D8CC05900DC100D /* ToDoListItemViewViewModel.swift in Sources */ = {isa = PBXBuildFile; fileRef = 3D9D266C2D8CC05900DC100D /* ToDoListItemViewViewModel.swift */; };
		3D9D26732D8D2E7300DC100D /* Extensions.swift in Sources */ = {isa = PBXBuildFile; fileRef = 3D9D26722D8D2E7300DC100D /* Extensions.swift */; };
/* End PBXBuildFile section */

/* Begin PBXFileReference section */
		3D408E8F2D8F5CD6003299D3 /* Launch Screen.storyboard */ = {isa = PBXFileReference; lastKnownFileType = file.storyboard; path = "Launch Screen.storyboard"; sourceTree = "<group>"; };
		3D8C8D1A2D84EFD9007E7FEC /* ToDoList.app */ = {isa = PBXFileReference; explicitFileType = wrapper.application; includeInIndex = 0; path = ToDoList.app; sourceTree = BUILT_PRODUCTS_DIR; };
		3D8C8D1D2D84EFD9007E7FEC /* ToDoListApp.swift */ = {isa = PBXFileReference; lastKnownFileType = sourcecode.swift; path = ToDoListApp.swift; sourceTree = "<group>"; };
		3D8C8D212D84EFD9007E7FEC /* Assets.xcassets */ = {isa = PBXFileReference; lastKnownFileType = folder.assetcatalog; path = Assets.xcassets; sourceTree = "<group>"; };
		3D8C8D242D84EFD9007E7FEC /* Preview Assets.xcassets */ = {isa = PBXFileReference; lastKnownFileType = folder.assetcatalog; path = "Preview Assets.xcassets"; sourceTree = "<group>"; };
		3D8C8D432D84F4AA007E7FEC /* GoogleService-Info.plist */ = {isa = PBXFileReference; fileEncoding = 4; lastKnownFileType = text.plist.xml; path = "GoogleService-Info.plist"; sourceTree = "<group>"; };
		3D9D265C2D8CBFED00DC100D /* User.swift */ = {isa = PBXFileReference; lastKnownFileType = sourcecode.swift; name = User.swift; path = ToDoList/User.swift; sourceTree = SOURCE_ROOT; };
		3D9D265E2D8CBFF300DC100D /* ToDoListItem.swift */ = {isa = PBXFileReference; lastKnownFileType = sourcecode.swift; name = ToDoListItem.swift; path = ToDoList/ToDoListItem.swift; sourceTree = SOURCE_ROOT; };
		3D9D26602D8CC02100DC100D /* MainViewViewModel.swift */ = {isa = PBXFileReference; lastKnownFileType = sourcecode.swift; name = MainViewViewModel.swift; path = ToDoList/MainViewViewModel.swift; sourceTree = SOURCE_ROOT; };
		3D9D26622D8CC02800DC100D /* ProfileViewViewModel.swift */ = {isa = PBXFileReference; lastKnownFileType = sourcecode.swift; name = ProfileViewViewModel.swift; path = ToDoList/ProfileViewViewModel.swift; sourceTree = SOURCE_ROOT; };
		3D9D26642D8CC03200DC100D /* ToDoListViewViewModel.swift */ = {isa = PBXFileReference; lastKnownFileType = sourcecode.swift; name = ToDoListViewViewModel.swift; path = ToDoList/ToDoListViewViewModel.swift; sourceTree = SOURCE_ROOT; };
		3D9D26662D8CC03900DC100D /* NewItemViewViewModel.swift */ = {isa = PBXFileReference; lastKnownFileType = sourcecode.swift; name = NewItemViewViewModel.swift; path = ToDoList/NewItemViewViewModel.swift; sourceTree = SOURCE_ROOT; };
		3D9D26682D8CC04500DC100D /* LoginViewViewModel.swift */ = {isa = PBXFileReference; lastKnownFileType = sourcecode.swift; name = LoginViewViewModel.swift; path = ToDoList/LoginViewViewModel.swift; sourceTree = SOURCE_ROOT; };
		3D9D266A2D8CC04E00DC100D /* RegisterViewViewModel.swift */ = {isa = PBXFileReference; lastKnownFileType = sourcecode.swift; name = RegisterViewViewModel.swift; path = ToDoList/RegisterViewViewModel.swift; sourceTree = SOURCE_ROOT; };
		3D9D266C2D8CC05900DC100D /* ToDoListItemViewViewModel.swift */ = {isa = PBXFileReference; lastKnownFileType = sourcecode.swift; name = ToDoListItemViewViewModel.swift; path = ToDoList/ToDoListItemViewViewModel.swift; sourceTree = SOURCE_ROOT; };
		3D9D26722D8D2E7300DC100D /* Extensions.swift */ = {isa = PBXFileReference; lastKnownFileType = sourcecode.swift; path = Extensions.swift; sourceTree = "<group>"; };
/* End PBXFileReference section */

/* Begin PBXFileSystemSynchronizedRootGroup section */
		3D408E8A2D8F5BB6003299D3 /* Views */ = {isa = PBXFileSystemSynchronizedRootGroup; explicitFileTypes = {}; explicitFolders = (); path = Views; sourceTree = "<group>"; };
/* End PBXFileSystemSynchronizedRootGroup section */

/* Begin PBXFrameworksBuildPhase section */
		3D8C8D172D84EFD9007E7FEC /* Frameworks */ = {
			isa = PBXFrameworksBuildPhase;
			buildActionMask = 2147483647;
			files = (
				3D8C8D3E2D84F3B5007E7FEC /* FirebaseAuth in Frameworks */,
				3D8C8D402D84F3B5007E7FEC /* FirebaseFirestore in Frameworks */,
				3D8C8D422D84F3B5007E7FEC /* FirebaseFirestoreSwift in Frameworks */,
			);
			runOnlyForDeploymentPostprocessing = 0;
		};
/* End PBXFrameworksBuildPhase section */

/* Begin PBXGroup section */
		3D8C8D112D84EFD9007E7FEC = {
			isa = PBXGroup;
			children = (
				3D8C8D1C2D84EFD9007E7FEC /* ToDoList */,
				3D8C8D1B2D84EFD9007E7FEC /* Products */,
			);
			sourceTree = "<group>";
		};
		3D8C8D1B2D84EFD9007E7FEC /* Products */ = {
			isa = PBXGroup;
			children = (
				3D8C8D1A2D84EFD9007E7FEC /* ToDoList.app */,
			);
			name = Products;
			sourceTree = "<group>";
		};
		3D8C8D1C2D84EFD9007E7FEC /* ToDoList */ = {
			isa = PBXGroup;
			children = (
				3D8C8D482D84F7D4007E7FEC /* Other */,
				3D8C8D472D84F7C1007E7FEC /* Models */,
				3D8C8D462D84F7B8007E7FEC /* ViewModels */,
				3D408E8A2D8F5BB6003299D3 /* Views */,
				3D8C8D232D84EFD9007E7FEC /* Preview Content */,
			);
			path = ToDoList;
			sourceTree = "<group>";
		};
		3D8C8D232D84EFD9007E7FEC /* Preview Content */ = {
			isa = PBXGroup;
			children = (
				3D8C8D242D84EFD9007E7FEC /* Preview Assets.xcassets */,
			);
			path = "Preview Content";
			sourceTree = "<group>";
		};
		3D8C8D462D84F7B8007E7FEC /* ViewModels */ = {
			isa = PBXGroup;
			children = (
				3D9D26602D8CC02100DC100D /* MainViewViewModel.swift */,
				3D9D26622D8CC02800DC100D /* ProfileViewViewModel.swift */,
				3D9D26642D8CC03200DC100D /* ToDoListViewViewModel.swift */,
				3D9D26662D8CC03900DC100D /* NewItemViewViewModel.swift */,
				3D9D26682D8CC04500DC100D /* LoginViewViewModel.swift */,
				3D9D266A2D8CC04E00DC100D /* RegisterViewViewModel.swift */,
				3D9D266C2D8CC05900DC100D /* ToDoListItemViewViewModel.swift */,
			);
			path = ViewModels;
			sourceTree = "<group>";
		};
		3D8C8D472D84F7C1007E7FEC /* Models */ = {
			isa = PBXGroup;
			children = (
				3D9D265C2D8CBFED00DC100D /* User.swift */,
				3D9D265E2D8CBFF300DC100D /* ToDoListItem.swift */,
			);
			path = Models;
			sourceTree = "<group>";
		};
		3D8C8D482D84F7D4007E7FEC /* Other */ = {
			isa = PBXGroup;
			children = (
				3D8C8D212D84EFD9007E7FEC /* Assets.xcassets */,
				3D8C8D432D84F4AA007E7FEC /* GoogleService-Info.plist */,
				3D8C8D1D2D84EFD9007E7FEC /* ToDoListApp.swift */,
				3D9D26722D8D2E7300DC100D /* Extensions.swift */,
				3D408E8F2D8F5CD6003299D3 /* Launch Screen.storyboard */,
			);
			path = Other;
			sourceTree = "<group>";
		};
/* End PBXGroup section */

/* Begin PBXNativeTarget section */
		3D8C8D192D84EFD9007E7FEC /* ToDoList */ = {
			isa = PBXNativeTarget;
			buildConfigurationList = 3D8C8D282D84EFD9007E7FEC /* Build configuration list for PBXNativeTarget "ToDoList" */;
			buildPhases = (
				3D8C8D162D84EFD9007E7FEC /* Sources */,
				3D8C8D172D84EFD9007E7FEC /* Frameworks */,
				3D8C8D182D84EFD9007E7FEC /* Resources */,
			);
			buildRules = (
			);
			dependencies = (
			);
			fileSystemSynchronizedGroups = (
				3D408E8A2D8F5BB6003299D3 /* Views */,
			);
			name = ToDoList;
			packageProductDependencies = (
				3D8C8D3D2D84F3B5007E7FEC /* FirebaseAuth */,
				3D8C8D3F2D84F3B5007E7FEC /* FirebaseFirestore */,
				3D8C8D412D84F3B5007E7FEC /* FirebaseFirestoreSwift */,
			);
			productName = ToDoList;
			productReference = 3D8C8D1A2D84EFD9007E7FEC /* ToDoList.app */;
			productType = "com.apple.product-type.application";
		};
/* End PBXNativeTarget section */

/* Begin PBXProject section */
		3D8C8D122D84EFD9007E7FEC /* Project object */ = {
			isa = PBXProject;
			attributes = {
				BuildIndependentTargetsInParallel = 1;
				LastSwiftUpdateCheck = 1430;
				LastUpgradeCheck = 1430;
				TargetAttributes = {
					3D8C8D192D84EFD9007E7FEC = {
						CreatedOnToolsVersion = 14.3.1;
					};
				};
			};
			buildConfigurationList = 3D8C8D152D84EFD9007E7FEC /* Build configuration list for PBXProject "ToDoList" */;
			compatibilityVersion = "Xcode 14.0";
			developmentRegion = en;
			hasScannedForEncodings = 0;
			knownRegions = (
				en,
				Base,
			);
			mainGroup = 3D8C8D112D84EFD9007E7FEC;
			packageReferences = (
				3D8C8D3C2D84F3B5007E7FEC /* XCRemoteSwiftPackageReference "firebase-ios-sdk" */,
			);
			productRefGroup = 3D8C8D1B2D84EFD9007E7FEC /* Products */;
			projectDirPath = "";
			projectRoot = "";
			targets = (
				3D8C8D192D84EFD9007E7FEC /* ToDoList */,
			);
		};
/* End PBXProject section */

/* Begin PBXResourcesBuildPhase section */
		3D8C8D182D84EFD9007E7FEC /* Resources */ = {
			isa = PBXResourcesBuildPhase;
			buildActionMask = 2147483647;
			files = (
				3D8C8D252D84EFD9007E7FEC /* Preview Assets.xcassets in Resources */,
				3D8C8D222D84EFD9007E7FEC /* Assets.xcassets in Resources */,
				3D408E902D8F5CD6003299D3 /* Launch Screen.storyboard in Resources */,
				3D8C8D442D84F4AB007E7FEC /* GoogleService-Info.plist in Resources */,
			);
			runOnlyForDeploymentPostprocessing = 0;
		};
/* End PBXResourcesBuildPhase section */

/* Begin PBXSourcesBuildPhase section */
		3D8C8D162D84EFD9007E7FEC /* Sources */ = {
			isa = PBXSourcesBuildPhase;
			buildActionMask = 2147483647;
			files = (
				3D9D266B2D8CC04E00DC100D /* RegisterViewViewModel.swift in Sources */,
				3D9D26612D8CC02100DC100D /* MainViewViewModel.swift in Sources */,
				3D9D26632D8CC02800DC100D /* ProfileViewViewModel.swift in Sources */,
				3D9D265D2D8CBFED00DC100D /* User.swift in Sources */,
				3D9D26652D8CC03200DC100D /* ToDoListViewViewModel.swift in Sources */,
				3D9D26692D8CC04500DC100D /* LoginViewViewModel.swift in Sources */,
				3D8C8D1E2D84EFD9007E7FEC /* ToDoListApp.swift in Sources */,
				3D9D26732D8D2E7300DC100D /* Extensions.swift in Sources */,
				3D9D265F2D8CBFF300DC100D /* ToDoListItem.swift in Sources */,
				3D9D26672D8CC03900DC100D /* NewItemViewViewModel.swift in Sources */,
				3D9D266D2D8CC05900DC100D /* ToDoListItemViewViewModel.swift in Sources */,
			);
			runOnlyForDeploymentPostprocessing = 0;
		};
/* End PBXSourcesBuildPhase section */

/* Begin XCBuildConfiguration section */
		3D8C8D262D84EFD9007E7FEC /* Debug */ = {
			isa = XCBuildConfiguration;
			buildSettings = {
				ALWAYS_SEARCH_USER_PATHS = NO;
				CLANG_ANALYZER_NONNULL = YES;
				CLANG_ANALYZER_NUMBER_OBJECT_CONVERSION = YES_AGGRESSIVE;
				CLANG_CXX_LANGUAGE_STANDARD = "gnu++20";
				CLANG_ENABLE_MODULES = YES;
				CLANG_ENABLE_OBJC_ARC = YES;
				CLANG_ENABLE_OBJC_WEAK = YES;
				CLANG_WARN_BLOCK_CAPTURE_AUTORELEASING = YES;
				CLANG_WARN_BOOL_CONVERSION = YES;
				CLANG_WARN_COMMA = YES;
				CLANG_WARN_CONSTANT_CONVERSION = YES;
				CLANG_WARN_DEPRECATED_OBJC_IMPLEMENTATIONS = YES;
				CLANG_WARN_DIRECT_OBJC_ISA_USAGE = YES_ERROR;
				CLANG_WARN_DOCUMENTATION_COMMENTS = YES;
				CLANG_WARN_EMPTY_BODY = YES;
				CLANG_WARN_ENUM_CONVERSION = YES;
				CLANG_WARN_INFINITE_RECURSION = YES;
				CLANG_WARN_INT_CONVERSION = YES;
				CLANG_WARN_NON_LITERAL_NULL_CONVERSION = YES;
				CLANG_WARN_OBJC_IMPLICIT_RETAIN_SELF = YES;
				CLANG_WARN_OBJC_LITERAL_CONVERSION = YES;
				CLANG_WARN_OBJC_ROOT_CLASS = YES_ERROR;
				CLANG_WARN_QUOTED_INCLUDE_IN_FRAMEWORK_HEADER = YES;
				CLANG_WARN_RANGE_LOOP_ANALYSIS = YES;
				CLANG_WARN_STRICT_PROTOTYPES = YES;
				CLANG_WARN_SUSPICIOUS_MOVE = YES;
				CLANG_WARN_UNGUARDED_AVAILABILITY = YES_AGGRESSIVE;
				CLANG_WARN_UNREACHABLE_CODE = YES;
				CLANG_WARN__DUPLICATE_METHOD_MATCH = YES;
				COPY_PHASE_STRIP = NO;
				DEBUG_INFORMATION_FORMAT = dwarf;
				ENABLE_STRICT_OBJC_MSGSEND = YES;
				ENABLE_TESTABILITY = YES;
				GCC_C_LANGUAGE_STANDARD = gnu11;
				GCC_DYNAMIC_NO_PIC = NO;
				GCC_NO_COMMON_BLOCKS = YES;
				GCC_OPTIMIZATION_LEVEL = 0;
				GCC_PREPROCESSOR_DEFINITIONS = (
					"DEBUG=1",
					"$(inherited)",
				);
				GCC_WARN_64_TO_32_BIT_CONVERSION = YES;
				GCC_WARN_ABOUT_RETURN_TYPE = YES_ERROR;
				GCC_WARN_UNDECLARED_SELECTOR = YES;
				GCC_WARN_UNINITIALIZED_AUTOS = YES_AGGRESSIVE;
				GCC_WARN_UNUSED_FUNCTION = YES;
				GCC_WARN_UNUSED_VARIABLE = YES;
				IPHONEOS_DEPLOYMENT_TARGET = 16.4;
				MTL_ENABLE_DEBUG_INFO = INCLUDE_SOURCE;
				MTL_FAST_MATH = YES;
				ONLY_ACTIVE_ARCH = YES;
				SDKROOT = iphoneos;
				SWIFT_ACTIVE_COMPILATION_CONDITIONS = DEBUG;
				SWIFT_OPTIMIZATION_LEVEL = "-Onone";
			};
			name = Debug;
		};
		3D8C8D272D84EFD9007E7FEC /* Release */ = {
			isa = XCBuildConfiguration;
			buildSettings = {
				ALWAYS_SEARCH_USER_PATHS = NO;
				CLANG_ANALYZER_NONNULL = YES;
				CLANG_ANALYZER_NUMBER_OBJECT_CONVERSION = YES_AGGRESSIVE;
				CLANG_CXX_LANGUAGE_STANDARD = "gnu++20";
				CLANG_ENABLE_MODULES = YES;
				CLANG_ENABLE_OBJC_ARC = YES;
				CLANG_ENABLE_OBJC_WEAK = YES;
				CLANG_WARN_BLOCK_CAPTURE_AUTORELEASING = YES;
				CLANG_WARN_BOOL_CONVERSION = YES;
				CLANG_WARN_COMMA = YES;
				CLANG_WARN_CONSTANT_CONVERSION = YES;
				CLANG_WARN_DEPRECATED_OBJC_IMPLEMENTATIONS = YES;
				CLANG_WARN_DIRECT_OBJC_ISA_USAGE = YES_ERROR;
				CLANG_WARN_DOCUMENTATION_COMMENTS = YES;
				CLANG_WARN_EMPTY_BODY = YES;
				CLANG_WARN_ENUM_CONVERSION = YES;
				CLANG_WARN_INFINITE_RECURSION = YES;
				CLANG_WARN_INT_CONVERSION = YES;
				CLANG_WARN_NON_LITERAL_NULL_CONVERSION = YES;
				CLANG_WARN_OBJC_IMPLICIT_RETAIN_SELF = YES;
				CLANG_WARN_OBJC_LITERAL_CONVERSION = YES;
				CLANG_WARN_OBJC_ROOT_CLASS = YES_ERROR;
				CLANG_WARN_QUOTED_INCLUDE_IN_FRAMEWORK_HEADER = YES;
				CLANG_WARN_RANGE_LOOP_ANALYSIS = YES;
				CLANG_WARN_STRICT_PROTOTYPES = YES;
				CLANG_WARN_SUSPICIOUS_MOVE = YES;
				CLANG_WARN_UNGUARDED_AVAILABILITY = YES_AGGRESSIVE;
				CLANG_WARN_UNREACHABLE_CODE = YES;
				CLANG_WARN__DUPLICATE_METHOD_MATCH = YES;
				COPY_PHASE_STRIP = NO;
				DEBUG_INFORMATION_FORMAT = "dwarf-with-dsym";
				ENABLE_NS_ASSERTIONS = NO;
				ENABLE_STRICT_OBJC_MSGSEND = YES;
				GCC_C_LANGUAGE_STANDARD = gnu11;
				GCC_NO_COMMON_BLOCKS = YES;
				GCC_WARN_64_TO_32_BIT_CONVERSION = YES;
				GCC_WARN_ABOUT_RETURN_TYPE = YES_ERROR;
				GCC_WARN_UNDECLARED_SELECTOR = YES;
				GCC_WARN_UNINITIALIZED_AUTOS = YES_AGGRESSIVE;
				GCC_WARN_UNUSED_FUNCTION = YES;
				GCC_WARN_UNUSED_VARIABLE = YES;
				IPHONEOS_DEPLOYMENT_TARGET = 16.4;
				MTL_ENABLE_DEBUG_INFO = NO;
				MTL_FAST_MATH = YES;
				SDKROOT = iphoneos;
				SWIFT_COMPILATION_MODE = wholemodule;
				SWIFT_OPTIMIZATION_LEVEL = "-O";
				VALIDATE_PRODUCT = YES;
			};
			name = Release;
		};
		3D8C8D292D84EFD9007E7FEC /* Debug */ = {
			isa = XCBuildConfiguration;
			buildSettings = {
				ASSETCATALOG_COMPILER_APPICON_NAME = AppIcon;
				ASSETCATALOG_COMPILER_GLOBAL_ACCENT_COLOR_NAME = AccentColor;
				CODE_SIGN_STYLE = Automatic;
				CURRENT_PROJECT_VERSION = 1;
				DEVELOPMENT_ASSET_PATHS = "\"ToDoList/Preview Content\"";
				ENABLE_PREVIEWS = YES;
				GENERATE_INFOPLIST_FILE = YES;
				INFOPLIST_KEY_CFBundleDisplayName = "To Do List";
				INFOPLIST_KEY_UIApplicationSceneManifest_Generation = YES;
				INFOPLIST_KEY_UIApplicationSupportsIndirectInputEvents = YES;
				INFOPLIST_KEY_UILaunchScreen_Generation = YES;
				INFOPLIST_KEY_UISupportedInterfaceOrientations = UIInterfaceOrientationPortrait;
				LD_RUNPATH_SEARCH_PATHS = (
					"$(inherited)",
					"@executable_path/Frameworks",
				);
				MARKETING_VERSION = 1.0;
				PRODUCT_BUNDLE_IDENTIFIER = jessicaxying.ToDoList;
				PRODUCT_NAME = "$(TARGET_NAME)";
				SWIFT_EMIT_LOC_STRINGS = YES;
				SWIFT_VERSION = 5.0;
				TARGETED_DEVICE_FAMILY = "1,2";
			};
			name = Debug;
		};
		3D8C8D2A2D84EFD9007E7FEC /* Release */ = {
			isa = XCBuildConfiguration;
			buildSettings = {
				ASSETCATALOG_COMPILER_APPICON_NAME = AppIcon;
				ASSETCATALOG_COMPILER_GLOBAL_ACCENT_COLOR_NAME = AccentColor;
				CODE_SIGN_STYLE = Automatic;
				CURRENT_PROJECT_VERSION = 1;
				DEVELOPMENT_ASSET_PATHS = "\"ToDoList/Preview Content\"";
				ENABLE_PREVIEWS = YES;
				GENERATE_INFOPLIST_FILE = YES;
				INFOPLIST_KEY_CFBundleDisplayName = "To Do List";
				INFOPLIST_KEY_UIApplicationSceneManifest_Generation = YES;
				INFOPLIST_KEY_UIApplicationSupportsIndirectInputEvents = YES;
				INFOPLIST_KEY_UILaunchScreen_Generation = YES;
				INFOPLIST_KEY_UISupportedInterfaceOrientations = UIInterfaceOrientationPortrait;
				LD_RUNPATH_SEARCH_PATHS = (
					"$(inherited)",
					"@executable_path/Frameworks",
				);
				MARKETING_VERSION = 1.0;
				PRODUCT_BUNDLE_IDENTIFIER = jessicaxying.ToDoList;
				PRODUCT_NAME = "$(TARGET_NAME)";
				SWIFT_EMIT_LOC_STRINGS = YES;
				SWIFT_VERSION = 5.0;
				TARGETED_DEVICE_FAMILY = "1,2";
			};
			name = Release;
		};
/* End XCBuildConfiguration section */

/* Begin XCConfigurationList section */
		3D8C8D152D84EFD9007E7FEC /* Build configuration list for PBXProject "ToDoList" */ = {
			isa = XCConfigurationList;
			buildConfigurations = (
				3D8C8D262D84EFD9007E7FEC /* Debug */,
				3D8C8D272D84EFD9007E7FEC /* Release */,
			);
			defaultConfigurationIsVisible = 0;
			defaultConfigurationName = Release;
		};
		3D8C8D282D84EFD9007E7FEC /* Build configuration list for PBXNativeTarget "ToDoList" */ = {
			isa = XCConfigurationList;
			buildConfigurations = (
				3D8C8D292D84EFD9007E7FEC /* Debug */,
				3D8C8D2A2D84EFD9007E7FEC /* Release */,
			);
			defaultConfigurationIsVisible = 0;
			defaultConfigurationName = Release;
		};
/* End XCConfigurationList section */

/* Begin XCRemoteSwiftPackageReference section */
		3D8C8D3C2D84F3B5007E7FEC /* XCRemoteSwiftPackageReference "firebase-ios-sdk" */ = {
			isa = XCRemoteSwiftPackageReference;
			repositoryURL = "https://github.com/firebase/firebase-ios-sdk";
			requirement = {
				kind = upToNextMajorVersion;
				minimumVersion = 10.0.0;
			};
		};
/* End XCRemoteSwiftPackageReference section */

/* Begin XCSwiftPackageProductDependency section */
		3D8C8D3D2D84F3B5007E7FEC /* FirebaseAuth */ = {
			isa = XCSwiftPackageProductDependency;
			package = 3D8C8D3C2D84F3B5007E7FEC /* XCRemoteSwiftPackageReference "firebase-ios-sdk" */;
			productName = FirebaseAuth;
		};
		3D8C8D3F2D84F3B5007E7FEC /* FirebaseFirestore */ = {
			isa = XCSwiftPackageProductDependency;
			package = 3D8C8D3C2D84F3B5007E7FEC /* XCRemoteSwiftPackageReference "firebase-ios-sdk" */;
			productName = FirebaseFirestore;
		};
		3D8C8D412D84F3B5007E7FEC /* FirebaseFirestoreSwift */ = {
			isa = XCSwiftPackageProductDependency;
			package = 3D8C8D3C2D84F3B5007E7FEC /* XCRemoteSwiftPackageReference "firebase-ios-sdk" */;
			productName = FirebaseFirestoreSwift;
		};
/* End XCSwiftPackageProductDependency section */
	};
	rootObject = 3D8C8D122D84EFD9007E7FEC /* Project object */;
}
